// !$*UTF8*$!
{
	archiveVersion = 1;
	classes = {
	};
	objectVersion = 46;
	objects = {

/* Begin PBXBuildFile section */
		318D819A1C37ADE7003A4A23 /* main.m in Sources */ = {isa = PBXBuildFile; fileRef = 318D81991C37ADE7003A4A23 /* main.m */; };
		318D819D1C37ADE7003A4A23 /* AppDelegate.m in Sources */ = {isa = PBXBuildFile; fileRef = 318D819C1C37ADE7003A4A23 /* AppDelegate.m */; };
		318D81A01C37ADE7003A4A23 /* ViewController.m in Sources */ = {isa = PBXBuildFile; fileRef = 318D819F1C37ADE7003A4A23 /* ViewController.m */; };
		318D81A31C37ADE7003A4A23 /* Main.storyboard in Resources */ = {isa = PBXBuildFile; fileRef = 318D81A11C37ADE7003A4A23 /* Main.storyboard */; };
		318D81A51C37ADE7003A4A23 /* Images.xcassets in Resources */ = {isa = PBXBuildFile; fileRef = 318D81A41C37ADE7003A4A23 /* Images.xcassets */; };
		318D81A81C37ADE7003A4A23 /* LaunchScreen.xib in Resources */ = {isa = PBXBuildFile; fileRef = 318D81A61C37ADE7003A4A23 /* LaunchScreen.xib */; };
		318D81DB1C37AE17003A4A23 /* libzbar.a in Frameworks */ = {isa = PBXBuildFile; fileRef = 318D81D51C37AE17003A4A23 /* libzbar.a */; };
		318D81DD1C37AE17003A4A23 /* zbar-back.png in Resources */ = {isa = PBXBuildFile; fileRef = 318D81D71C37AE17003A4A23 /* zbar-back.png */; };
		318D81DF1C37AE17003A4A23 /* zbar-help.html in Resources */ = {isa = PBXBuildFile; fileRef = 318D81D81C37AE17003A4A23 /* zbar-help.html */; };
		318D81E11C37AE17003A4A23 /* zbar-helpicons.png in Resources */ = {isa = PBXBuildFile; fileRef = 318D81D91C37AE17003A4A23 /* zbar-helpicons.png */; };
		318D81E31C37AE17003A4A23 /* zbar-samples.png in Resources */ = {isa = PBXBuildFile; fileRef = 318D81DA1C37AE17003A4A23 /* zbar-samples.png */; };
		318D81E61C37AE3A003A4A23 /* AVFoundation.framework in Frameworks */ = {isa = PBXBuildFile; fileRef = 318D81E51C37AE3A003A4A23 /* AVFoundation.framework */; };
		318D81E81C37AE4A003A4A23 /* CoreMedia.framework in Frameworks */ = {isa = PBXBuildFile; fileRef = 318D81E71C37AE4A003A4A23 /* CoreMedia.framework */; };
		318D81EA1C37AE61003A4A23 /* CoreVideo.framework in Frameworks */ = {isa = PBXBuildFile; fileRef = 318D81E91C37AE61003A4A23 /* CoreVideo.framework */; };
		318D81EC1C37AE72003A4A23 /* QuartzCore.framework in Frameworks */ = {isa = PBXBuildFile; fileRef = 318D81EB1C37AE72003A4A23 /* QuartzCore.framework */; };
		318D81EE1C37AE89003A4A23 /* libiconv.dylib in Frameworks */ = {isa = PBXBuildFile; fileRef = 318D81ED1C37AE89003A4A23 /* libiconv.dylib */; };
/* End PBXBuildFile section */

/* Begin PBXFileReference section */
		318D81941C37ADE7003A4A23 /* BarCodeSample.app */ = {isa = PBXFileReference; explicitFileType = wrapper.application; includeInIndex = 0; path = BarCodeSample.app; sourceTree = BUILT_PRODUCTS_DIR; };
		318D81981C37ADE7003A4A23 /* Info.plist */ = {isa = PBXFileReference; lastKnownFileType = text.plist.xml; path = Info.plist; sourceTree = "<group>"; };
		318D81991C37ADE7003A4A23 /* main.m */ = {isa = PBXFileReference; lastKnownFileType = sourcecode.c.objc; path = main.m; sourceTree = "<group>"; };
		318D819B1C37ADE7003A4A23 /* AppDelegate.h */ = {isa = PBXFileReference; lastKnownFileType = sourcecode.c.h; path = AppDelegate.h; sourceTree = "<group>"; };
		318D819C1C37ADE7003A4A23 /* AppDelegate.m */ = {isa = PBXFileReference; lastKnownFileType = sourcecode.c.objc; path = AppDelegate.m; sourceTree = "<group>"; };
		318D819E1C37ADE7003A4A23 /* ViewController.h */ = {isa = PBXFileReference; lastKnownFileType = sourcecode.c.h; path = ViewController.h; sourceTree = "<group>"; };
		318D819F1C37ADE7003A4A23 /* ViewController.m */ = {isa = PBXFileReference; lastKnownFileType = sourcecode.c.objc; path = ViewController.m; sourceTree = "<group>"; };
		318D81A21C37ADE7003A4A23 /* Base */ = {isa = PBXFileReference; lastKnownFileType = file.storyboard; name = Base; path = Base.lproj/Main.storyboard; sourceTree = "<group>"; };
		318D81A41C37ADE7003A4A23 /* Images.xcassets */ = {isa = PBXFileReference; lastKnownFileType = folder.assetcatalog; path = Images.xcassets; sourceTree = "<group>"; };
		318D81A71C37ADE7003A4A23 /* Base */ = {isa = PBXFileReference; lastKnownFileType = file.xib; name = Base; path = Base.lproj/LaunchScreen.xib; sourceTree = "<group>"; };
		318D81B21C37ADE7003A4A23 /* Info.plist */ = {isa = PBXFileReference; lastKnownFileType = text.plist.xml; path = Info.plist; sourceTree = "<group>"; };
		318D81B31C37ADE7003A4A23 /* BarCodeSampleTests.m */ = {isa = PBXFileReference; lastKnownFileType = sourcecode.c.objc; path = BarCodeSampleTests.m; sourceTree = "<group>"; };
		318D81C11C37AE17003A4A23 /* Decoder.h */ = {isa = PBXFileReference; fileEncoding = 4; lastKnownFileType = sourcecode.c.h; path = Decoder.h; sourceTree = "<group>"; };
		318D81C21C37AE17003A4A23 /* Exception.h */ = {isa = PBXFileReference; fileEncoding = 4; lastKnownFileType = sourcecode.c.h; path = Exception.h; sourceTree = "<group>"; };
		318D81C31C37AE17003A4A23 /* Image.h */ = {isa = PBXFileReference; fileEncoding = 4; lastKnownFileType = sourcecode.c.h; path = Image.h; sourceTree = "<group>"; };
		318D81C41C37AE17003A4A23 /* ImageScanner.h */ = {isa = PBXFileReference; fileEncoding = 4; lastKnownFileType = sourcecode.c.h; path = ImageScanner.h; sourceTree = "<group>"; };
		318D81C51C37AE17003A4A23 /* Processor.h */ = {isa = PBXFileReference; fileEncoding = 4; lastKnownFileType = sourcecode.c.h; path = Processor.h; sourceTree = "<group>"; };
		318D81C61C37AE17003A4A23 /* Scanner.h */ = {isa = PBXFileReference; fileEncoding = 4; lastKnownFileType = sourcecode.c.h; path = Scanner.h; sourceTree = "<group>"; };
		318D81C71C37AE17003A4A23 /* Symbol.h */ = {isa = PBXFileReference; fileEncoding = 4; lastKnownFileType = sourcecode.c.h; path = Symbol.h; sourceTree = "<group>"; };
		318D81C81C37AE17003A4A23 /* Video.h */ = {isa = PBXFileReference; fileEncoding = 4; lastKnownFileType = sourcecode.c.h; path = Video.h; sourceTree = "<group>"; };
		318D81C91C37AE17003A4A23 /* Window.h */ = {isa = PBXFileReference; fileEncoding = 4; lastKnownFileType = sourcecode.c.h; path = Window.h; sourceTree = "<group>"; };
		318D81CA1C37AE17003A4A23 /* zbar.h */ = {isa = PBXFileReference; fileEncoding = 4; lastKnownFileType = sourcecode.c.h; path = zbar.h; sourceTree = "<group>"; };
		318D81CB1C37AE17003A4A23 /* ZBarCameraSimulator.h */ = {isa = PBXFileReference; fileEncoding = 4; lastKnownFileType = sourcecode.c.h; path = ZBarCameraSimulator.h; sourceTree = "<group>"; };
		318D81CC1C37AE17003A4A23 /* ZBarCaptureReader.h */ = {isa = PBXFileReference; fileEncoding = 4; lastKnownFileType = sourcecode.c.h; path = ZBarCaptureReader.h; sourceTree = "<group>"; };
		318D81CD1C37AE17003A4A23 /* ZBarHelpController.h */ = {isa = PBXFileReference; fileEncoding = 4; lastKnownFileType = sourcecode.c.h; path = ZBarHelpController.h; sourceTree = "<group>"; };
		318D81CE1C37AE17003A4A23 /* ZBarImage.h */ = {isa = PBXFileReference; fileEncoding = 4; lastKnownFileType = sourcecode.c.h; path = ZBarImage.h; sourceTree = "<group>"; };
		318D81CF1C37AE17003A4A23 /* ZBarImageScanner.h */ = {isa = PBXFileReference; fileEncoding = 4; lastKnownFileType = sourcecode.c.h; path = ZBarImageScanner.h; sourceTree = "<group>"; };
		318D81D01C37AE17003A4A23 /* ZBarReaderController.h */ = {isa = PBXFileReference; fileEncoding = 4; lastKnownFileType = sourcecode.c.h; path = ZBarReaderController.h; sourceTree = "<group>"; };
		318D81D11C37AE17003A4A23 /* ZBarReaderView.h */ = {isa = PBXFileReference; fileEncoding = 4; lastKnownFileType = sourcecode.c.h; path = ZBarReaderView.h; sourceTree = "<group>"; };
		318D81D21C37AE17003A4A23 /* ZBarReaderViewController.h */ = {isa = PBXFileReference; fileEncoding = 4; lastKnownFileType = sourcecode.c.h; path = ZBarReaderViewController.h; sourceTree = "<group>"; };
		318D81D31C37AE17003A4A23 /* ZBarSDK.h */ = {isa = PBXFileReference; fileEncoding = 4; lastKnownFileType = sourcecode.c.h; path = ZBarSDK.h; sourceTree = "<group>"; };
		318D81D41C37AE17003A4A23 /* ZBarSymbol.h */ = {isa = PBXFileReference; fileEncoding = 4; lastKnownFileType = sourcecode.c.h; path = ZBarSymbol.h; sourceTree = "<group>"; };
		318D81D51C37AE17003A4A23 /* libzbar.a */ = {isa = PBXFileReference; lastKnownFileType = archive.ar; path = libzbar.a; sourceTree = "<group>"; };
		318D81D71C37AE17003A4A23 /* zbar-back.png */ = {isa = PBXFileReference; lastKnownFileType = image.png; path = "zbar-back.png"; sourceTree = "<group>"; };
		318D81D81C37AE17003A4A23 /* zbar-help.html */ = {isa = PBXFileReference; fileEncoding = 4; lastKnownFileType = text.html; path = "zbar-help.html"; sourceTree = "<group>"; };
		318D81D91C37AE17003A4A23 /* zbar-helpicons.png */ = {isa = PBXFileReference; lastKnownFileType = image.png; path = "zbar-helpicons.png"; sourceTree = "<group>"; };
		318D81DA1C37AE17003A4A23 /* zbar-samples.png */ = {isa = PBXFileReference; lastKnownFileType = image.png; path = "zbar-samples.png"; sourceTree = "<group>"; };
		318D81E51C37AE3A003A4A23 /* AVFoundation.framework */ = {isa = PBXFileReference; lastKnownFileType = wrapper.framework; name = AVFoundation.framework; path = System/Library/Frameworks/AVFoundation.framework; sourceTree = SDKROOT; };
		318D81E71C37AE4A003A4A23 /* CoreMedia.framework */ = {isa = PBXFileReference; lastKnownFileType = wrapper.framework; name = CoreMedia.framework; path = System/Library/Frameworks/CoreMedia.framework; sourceTree = SDKROOT; };
		318D81E91C37AE61003A4A23 /* CoreVideo.framework */ = {isa = PBXFileReference; lastKnownFileType = wrapper.framework; name = CoreVideo.framework; path = System/Library/Frameworks/CoreVideo.framework; sourceTree = SDKROOT; };
		318D81EB1C37AE72003A4A23 /* QuartzCore.framework */ = {isa = PBXFileReference; lastKnownFileType = wrapper.framework; name = QuartzCore.framework; path = System/Library/Frameworks/QuartzCore.framework; sourceTree = SDKROOT; };
		318D81ED1C37AE89003A4A23 /* libiconv.dylib */ = {isa = PBXFileReference; lastKnownFileType = "compiled.mach-o.dylib"; name = libiconv.dylib; path = usr/lib/libiconv.dylib; sourceTree = SDKROOT; };
/* End PBXFileReference section */

/* Begin PBXFrameworksBuildPhase section */
		318D81911C37ADE6003A4A23 /* Frameworks */ = {
			isa = PBXFrameworksBuildPhase;
			buildActionMask = 2147483647;
			files = (
				318D81EE1C37AE89003A4A23 /* libiconv.dylib in Frameworks */,
				318D81EC1C37AE72003A4A23 /* QuartzCore.framework in Frameworks */,
				318D81EA1C37AE61003A4A23 /* CoreVideo.framework in Frameworks */,
				318D81E81C37AE4A003A4A23 /* CoreMedia.framework in Frameworks */,
				318D81E61C37AE3A003A4A23 /* AVFoundation.framework in Frameworks */,
				318D81DB1C37AE17003A4A23 /* libzbar.a in Frameworks */,
			);
			runOnlyForDeploymentPostprocessing = 0;
		};
/* End PBXFrameworksBuildPhase section */

/* Begin PBXGroup section */
		318D818B1C37ADE6003A4A23 = {
			isa = PBXGroup;
			children = (
				318D81ED1C37AE89003A4A23 /* libiconv.dylib */,
				318D81EB1C37AE72003A4A23 /* QuartzCore.framework */,
				318D81E91C37AE61003A4A23 /* CoreVideo.framework */,
				318D81E71C37AE4A003A4A23 /* CoreMedia.framework */,
				318D81E51C37AE3A003A4A23 /* AVFoundation.framework */,
				318D81BD1C37AE17003A4A23 /* ZBarSDK */,
				318D81961C37ADE7003A4A23 /* BarCodeSample */,
				318D81B01C37ADE7003A4A23 /* BarCodeSampleTests */,
				318D81951C37ADE7003A4A23 /* Products */,
			);
			sourceTree = "<group>";
		};
		318D81951C37ADE7003A4A23 /* Products */ = {
			isa = PBXGroup;
			children = (
				318D81941C37ADE7003A4A23 /* BarCodeSample.app */,
			);
			name = Products;
			sourceTree = "<group>";
		};
		318D81961C37ADE7003A4A23 /* BarCodeSample */ = {
			isa = PBXGroup;
			children = (
				318D819B1C37ADE7003A4A23 /* AppDelegate.h */,
				318D819C1C37ADE7003A4A23 /* AppDelegate.m */,
				318D819E1C37ADE7003A4A23 /* ViewController.h */,
				318D819F1C37ADE7003A4A23 /* ViewController.m */,
				318D81A11C37ADE7003A4A23 /* Main.storyboard */,
				318D81A41C37ADE7003A4A23 /* Images.xcassets */,
				318D81A61C37ADE7003A4A23 /* LaunchScreen.xib */,
				318D81971C37ADE7003A4A23 /* Supporting Files */,
			);
			path = BarCodeSample;
			sourceTree = "<group>";
		};
		318D81971C37ADE7003A4A23 /* Supporting Files */ = {
			isa = PBXGroup;
			children = (
				318D81981C37ADE7003A4A23 /* Info.plist */,
				318D81991C37ADE7003A4A23 /* main.m */,
			);
			name = "Supporting Files";
			sourceTree = "<group>";
		};
		318D81B01C37ADE7003A4A23 /* BarCodeSampleTests */ = {
			isa = PBXGroup;
			children = (
				318D81B31C37ADE7003A4A23 /* BarCodeSampleTests.m */,
				318D81B11C37ADE7003A4A23 /* Supporting Files */,
			);
			path = BarCodeSampleTests;
			sourceTree = "<group>";
		};
		318D81B11C37ADE7003A4A23 /* Supporting Files */ = {
			isa = PBXGroup;
			children = (
				318D81B21C37ADE7003A4A23 /* Info.plist */,
			);
			name = "Supporting Files";
			sourceTree = "<group>";
		};
		318D81BD1C37AE17003A4A23 /* ZBarSDK */ = {
			isa = PBXGroup;
			children = (
				318D81BE1C37AE17003A4A23 /* Headers */,
				318D81D51C37AE17003A4A23 /* libzbar.a */,
				318D81D61C37AE17003A4A23 /* Resources */,
			);
			path = ZBarSDK;
			sourceTree = "<group>";
		};
		318D81BE1C37AE17003A4A23 /* Headers */ = {
			isa = PBXGroup;
			children = (
				318D81BF1C37AE17003A4A23 /* ZBarSDK */,
			);
			path = Headers;
			sourceTree = "<group>";
		};
		318D81BF1C37AE17003A4A23 /* ZBarSDK */ = {
			isa = PBXGroup;
			children = (
				318D81C01C37AE17003A4A23 /* zbar */,
				318D81CA1C37AE17003A4A23 /* zbar.h */,
				318D81CB1C37AE17003A4A23 /* ZBarCameraSimulator.h */,
				318D81CC1C37AE17003A4A23 /* ZBarCaptureReader.h */,
				318D81CD1C37AE17003A4A23 /* ZBarHelpController.h */,
				318D81CE1C37AE17003A4A23 /* ZBarImage.h */,
				318D81CF1C37AE17003A4A23 /* ZBarImageScanner.h */,
				318D81D01C37AE17003A4A23 /* ZBarReaderController.h */,
				318D81D11C37AE17003A4A23 /* ZBarReaderView.h */,
				318D81D21C37AE17003A4A23 /* ZBarReaderViewController.h */,
				318D81D31C37AE17003A4A23 /* ZBarSDK.h */,
				318D81D41C37AE17003A4A23 /* ZBarSymbol.h */,
			);
			path = ZBarSDK;
			sourceTree = "<group>";
		};
		318D81C01C37AE17003A4A23 /* zbar */ = {
			isa = PBXGroup;
			children = (
				318D81C11C37AE17003A4A23 /* Decoder.h */,
				318D81C21C37AE17003A4A23 /* Exception.h */,
				318D81C31C37AE17003A4A23 /* Image.h */,
				318D81C41C37AE17003A4A23 /* ImageScanner.h */,
				318D81C51C37AE17003A4A23 /* Processor.h */,
				318D81C61C37AE17003A4A23 /* Scanner.h */,
				318D81C71C37AE17003A4A23 /* Symbol.h */,
				318D81C81C37AE17003A4A23 /* Video.h */,
				318D81C91C37AE17003A4A23 /* Window.h */,
			);
			path = zbar;
			sourceTree = "<group>";
		};
		318D81D61C37AE17003A4A23 /* Resources */ = {
			isa = PBXGroup;
			children = (
				318D81D71C37AE17003A4A23 /* zbar-back.png */,
				318D81D81C37AE17003A4A23 /* zbar-help.html */,
				318D81D91C37AE17003A4A23 /* zbar-helpicons.png */,
				318D81DA1C37AE17003A4A23 /* zbar-samples.png */,
			);
			path = Resources;
			sourceTree = "<group>";
		};
/* End PBXGroup section */

/* Begin PBXNativeTarget section */
		318D81931C37ADE6003A4A23 /* BarCodeSample */ = {
			isa = PBXNativeTarget;
			buildConfigurationList = 318D81B71C37ADE7003A4A23 /* Build configuration list for PBXNativeTarget "BarCodeSample" */;
			buildPhases = (
				318D81901C37ADE6003A4A23 /* Sources */,
				318D81911C37ADE6003A4A23 /* Frameworks */,
				318D81921C37ADE6003A4A23 /* Resources */,
			);
			buildRules = (
			);
			dependencies = (
			);
			name = BarCodeSample;
			productName = BarCodeSample;
			productReference = 318D81941C37ADE7003A4A23 /* BarCodeSample.app */;
			productType = "com.apple.product-type.application";
		};
/* End PBXNativeTarget section */

/* Begin PBXProject section */
		318D818C1C37ADE6003A4A23 /* Project object */ = {
			isa = PBXProject;
			attributes = {
				LastUpgradeCheck = 0630;
				ORGANIZATIONNAME = "Parth Dobariya";
				TargetAttributes = {
					318D81931C37ADE6003A4A23 = {
						CreatedOnToolsVersion = 6.3.2;
					};
				};
			};
			buildConfigurationList = 318D818F1C37ADE6003A4A23 /* Build configuration list for PBXProject "BarCodeSample" */;
			compatibilityVersion = "Xcode 3.2";
			developmentRegion = English;
			hasScannedForEncodings = 0;
			knownRegions = (
				en,
				Base,
			);
			mainGroup = 318D818B1C37ADE6003A4A23;
			productRefGroup = 318D81951C37ADE7003A4A23 /* Products */;
			projectDirPath = "";
			projectRoot = "";
			targets = (
				318D81931C37ADE6003A4A23 /* BarCodeSample */,
			);
		};
/* End PBXProject section */

/* Begin PBXResourcesBuildPhase section */
		318D81921C37ADE6003A4A23 /* Resources */ = {
			isa = PBXResourcesBuildPhase;
			buildActionMask = 2147483647;
			files = (
				318D81A31C37ADE7003A4A23 /* Main.storyboard in Resources */,
				318D81DF1C37AE17003A4A23 /* zbar-help.html in Resources */,
				318D81E31C37AE17003A4A23 /* zbar-samples.png in Resources */,
				318D81E11C37AE17003A4A23 /* zbar-helpicons.png in Resources */,
				318D81DD1C37AE17003A4A23 /* zbar-back.png in Resources */,
				318D81A81C37ADE7003A4A23 /* LaunchScreen.xib in Resources */,
				318D81A51C37ADE7003A4A23 /* Images.xcassets in Resources */,
			);
			runOnlyForDeploymentPostprocessing = 0;
		};
/* End PBXResourcesBuildPhase section */

/* Begin PBXSourcesBuildPhase section */
		318D81901C37ADE6003A4A23 /* Sources */ = {
			isa = PBXSourcesBuildPhase;
			buildActionMask = 2147483647;
			files = (
				318D81A01C37ADE7003A4A23 /* ViewController.m in Sources */,
				318D819D1C37ADE7003A4A23 /* AppDelegate.m in Sources */,
				318D819A1C37ADE7003A4A23 /* main.m in Sources */,
			);
			runOnlyForDeploymentPostprocessing = 0;
		};
/* End PBXSourcesBuildPhase section */

/* Begin PBXVariantGroup section */
		318D81A11C37ADE7003A4A23 /* Main.storyboard */ = {
			isa = PBXVariantGroup;
			children = (
				318D81A21C37ADE7003A4A23 /* Base */,
			);
			name = Main.storyboard;
			sourceTree = "<group>";
		};
		318D81A61C37ADE7003A4A23 /* LaunchScreen.xib */ = {
			isa = PBXVariantGroup;
			children = (
				318D81A71C37ADE7003A4A23 /* Base */,
			);
			name = LaunchScreen.xib;
			sourceTree = "<group>";
		};
/* End PBXVariantGroup section */

/* Begin XCBuildConfiguration section */
		318D81B51C37ADE7003A4A23 /* Debug */ = {
			isa = XCBuildConfiguration;
			buildSettings = {
				ALWAYS_SEARCH_USER_PATHS = NO;
				CLANG_CXX_LANGUAGE_STANDARD = "gnu++0x";
				CLANG_CXX_LIBRARY = "libc++";
				CLANG_ENABLE_MODULES = YES;
				CLANG_ENABLE_OBJC_ARC = YES;
				CLANG_WARN_BOOL_CONVERSION = YES;
				CLANG_WARN_CONSTANT_CONVERSION = YES;
				CLANG_WARN_DIRECT_OBJC_ISA_USAGE = YES_ERROR;
				CLANG_WARN_EMPTY_BODY = YES;
				CLANG_WARN_ENUM_CONVERSION = YES;
				CLANG_WARN_INT_CONVERSION = YES;
				CLANG_WARN_OBJC_ROOT_CLASS = YES_ERROR;
				CLANG_WARN_UNREACHABLE_CODE = YES;
				CLANG_WARN__DUPLICATE_METHOD_MATCH = YES;
				"CODE_SIGN_IDENTITY[sdk=iphoneos*]" = "";
				COPY_PHASE_STRIP = NO;
				DEBUG_INFORMATION_FORMAT = "dwarf-with-dsym";
				ENABLE_STRICT_OBJC_MSGSEND = YES;
				GCC_C_LANGUAGE_STANDARD = gnu99;
				GCC_DYNAMIC_NO_PIC = NO;
				GCC_NO_COMMON_BLOCKS = YES;
				GCC_OPTIMIZATION_LEVEL = 0;
				GCC_PREPROCESSOR_DEFINITIONS = (
					"DEBUG=1",
					"$(inherited)",
				);
				GCC_SYMBOLS_PRIVATE_EXTERN = NO;
				GCC_WARN_64_TO_32_BIT_CONVERSION = YES;
				GCC_WARN_ABOUT_RETURN_TYPE = YES_ERROR;
				GCC_WARN_UNDECLARED_SELECTOR = YES;
				GCC_WARN_UNINITIALIZED_AUTOS = YES_AGGRESSIVE;
				GCC_WARN_UNUSED_FUNCTION = YES;
				GCC_WARN_UNUSED_VARIABLE = YES;
				IPHONEOS_DEPLOYMENT_TARGET = 8.3;
				MTL_ENABLE_DEBUG_INFO = YES;
				ONLY_ACTIVE_ARCH = YES;
				PROVISIONING_PROFILE = "382bd31e-067a-4342-b344-bec09b94805e";
				SDKROOT = iphoneos;
				TARGETED_DEVICE_FAMILY = "1,2";
			};
			name = Debug;
		};
		318D81B61C37ADE7003A4A23 /* Release */ = {
			isa = XCBuildConfiguration;
			buildSettings = {
				ALWAYS_SEARCH_USER_PATHS = NO;
				CLANG_CXX_LANGUAGE_STANDARD = "gnu++0x";
				CLANG_CXX_LIBRARY = "libc++";
				CLANG_ENABLE_MODULES = YES;
				CLANG_ENABLE_OBJC_ARC = YES;
				CLANG_WARN_BOOL_CONVERSION = YES;
				CLANG_WARN_CONSTANT_CONVERSION = YES;
				CLANG_WARN_DIRECT_OBJC_ISA_USAGE = YES_ERROR;
				CLANG_WARN_EMPTY_BODY = YES;
				CLANG_WARN_ENUM_CONVERSION = YES;
				CLANG_WARN_INT_CONVERSION = YES;
				CLANG_WARN_OBJC_ROOT_CLASS = YES_ERROR;
				CLANG_WARN_UNREACHABLE_CODE = YES;
				CLANG_WARN__DUPLICATE_METHOD_MATCH = YES;
				"CODE_SIGN_IDENTITY[sdk=iphoneos*]" = "";
				COPY_PHASE_STRIP = NO;
				DEBUG_INFORMATION_FORMAT = "dwarf-with-dsym";
				ENABLE_NS_ASSERTIONS = NO;
				ENABLE_STRICT_OBJC_MSGSEND = YES;
				GCC_C_LANGUAGE_STANDARD = gnu99;
				GCC_NO_COMMON_BLOCKS = YES;
				GCC_WARN_64_TO_32_BIT_CONVERSION = YES;
				GCC_WARN_ABOUT_RETURN_TYPE = YES_ERROR;
				GCC_WARN_UNDECLARED_SELECTOR = YES;
				GCC_WARN_UNINITIALIZED_AUTOS = YES_AGGRESSIVE;
				GCC_WARN_UNUSED_FUNCTION = YES;
				GCC_WARN_UNUSED_VARIABLE = YES;
				IPHONEOS_DEPLOYMENT_TARGET = 8.3;
				MTL_ENABLE_DEBUG_INFO = NO;
				PROVISIONING_PROFILE = "382bd31e-067a-4342-b344-bec09b94805e";
				SDKROOT = iphoneos;
				TARGETED_DEVICE_FAMILY = "1,2";
				VALIDATE_PRODUCT = YES;
			};
			name = Release;
		};
		318D81B81C37ADE7003A4A23 /* Debug */ = {
			isa = XCBuildConfiguration;
			buildSettings = {
				ASSETCATALOG_COMPILER_APPICON_NAME = AppIcon;
				ASSETCATALOG_COMPILER_LAUNCHIMAGE_NAME = LaunchImage;
				CODE_SIGN_IDENTITY = "";
				"CODE_SIGN_IDENTITY[sdk=iphoneos*]" = "";
				INFOPLIST_FILE = BarCodeSample/Info.plist;
				IPHONEOS_DEPLOYMENT_TARGET = 7.0;
				LD_RUNPATH_SEARCH_PATHS = "$(inherited) @executable_path/Frameworks";
				LIBRARY_SEARCH_PATHS = (
					"$(inherited)",
					"$(PROJECT_DIR)/ZBarSDK",
				);
				ONLY_ACTIVE_ARCH = NO;
				PRODUCT_NAME = "$(TARGET_NAME)";
				PROVISIONING_PROFILE = "382bd31e-067a-4342-b344-bec09b94805e";
				VALID_ARCHS = "armv7 armv7s";
			};
			name = Debug;
		};
		318D81B91C37ADE7003A4A23 /* Release */ = {
			isa = XCBuildConfiguration;
			buildSettings = {
				ASSETCATALOG_COMPILER_APPICON_NAME = AppIcon;
				ASSETCATALOG_COMPILER_LAUNCHIMAGE_NAME = LaunchImage;
				CODE_SIGN_IDENTITY = "";
				"CODE_SIGN_IDENTITY[sdk=iphoneos*]" = "";
				INFOPLIST_FILE = BarCodeSample/Info.plist;
				IPHONEOS_DEPLOYMENT_TARGET = 7.0;
				LD_RUNPATH_SEARCH_PATHS = "$(inherited) @executable_path/Frameworks";
				LIBRARY_SEARCH_PATHS = (
					"$(inherited)",
					"$(PROJECT_DIR)/ZBarSDK",
				);
				ONLY_ACTIVE_ARCH = NO;
				PRODUCT_NAME = "$(TARGET_NAME)";
				PROVISIONING_PROFILE = "382bd31e-067a-4342-b344-bec09b94805e";
				VALID_ARCHS = "armv7 armv7s";
			};
			name = Release;
		};
/* End XCBuildConfiguration section */

/* Begin XCConfigurationList section */
		318D818F1C37ADE6003A4A23 /* Build configuration list for PBXProject "BarCodeSample" */ = {
			isa = XCConfigurationList;
			buildConfigurations = (
				318D81B51C37ADE7003A4A23 /* Debug */,
				318D81B61C37ADE7003A4A23 /* Release */,
			);
			defaultConfigurationIsVisible = 0;
			defaultConfigurationName = Release;
		};
		318D81B71C37ADE7003A4A23 /* Build configuration list for PBXNativeTarget "BarCodeSample" */ = {
			isa = XCConfigurationList;
			buildConfigurations = (
				318D81B81C37ADE7003A4A23 /* Debug */,
				318D81B91C37ADE7003A4A23 /* Release */,
			);
			defaultConfigurationIsVisible = 0;
		};
/* End XCConfigurationList section */
	};
	rootObject = 318D818C1C37ADE6003A4A23 /* Project object */;
}
